
Microsoft Visual Studio Solution File, Format Version 12.00
Project("{FAE04EC0-301F-11D3-BF4B-00C04F79EFBC}") = "BlazorServer", "BlazorServer\BlazorServer.csproj", "{FAC8B2F7-BA9C-45C7-9E8E-95B050587C0C}"
EndProject
Global
	GlobalSection(SolutionConfigurationPlatforms) = preSolution
		Debug|Any CPU = Debug|Any CPU
		Release|Any CPU = Release|Any CPU
	EndGlobalSection
	GlobalSection(ProjectConfigurationPlatforms) = postSolution
		{FAC8B2F7-BA9C-45C7-9E8E-95B050587C0C}.Debug|Any CPU.ActiveCfg = Debug|Any CPU
		{FAC8B2F7-BA9C-45C7-9E8E-95B050587C0C}.Debug|Any CPU.Build.0 = Debug|Any CPU
		{FAC8B2F7-BA9C-45C7-9E8E-95B050587C0C}.Release|Any CPU.ActiveCfg = Release|Any CPU
		{FAC8B2F7-BA9C-45C7-9E8E-95B050587C0C}.Release|Any CPU.Build.0 = Release|Any CPU
	EndGlobalSection
EndGlobal
